
Microsoft Visual Studio Solution File, Format Version 12.00
# Visual Studio Version 16
VisualStudioVersion = 16.0.30011.22
MinimumVisualStudioVersion = 10.0.40219.1
Project("{FAE04EC0-301F-11D3-BF4B-00C04F79EFBC}") = "01.HelloSoftUni", "01.HelloSoftUni\01.HelloSoftUni.csproj", "{E60127DB-0A15-4075-9BE4-4D19656152FF}"
EndProject
Project("{FAE04EC0-301F-11D3-BF4B-00C04F79EFBC}") = "03.Nums1to10", "03.Nums1to10\03.Nums1to10.csproj", "{4D415E58-05BC-42BA-B5F1-78E5CC73DE85}"
EndProject
Project("{FAE04EC0-301F-11D3-BF4B-00C04F79EFBC}") = "03.SimpleOperationsAndCalculations", "03.SimpleOperationsAndCalculations\03.SimpleOperationsAndCalculations.csproj", "{47FE9958-7FB5-44F0-94A4-930924B15D20}"
EndProject
Project("{FAE04EC0-301F-11D3-BF4B-00C04F79EFBC}") = "IfAndElseSoftUni", "IfAndElseSoftUni\IfAndElseSoftUni.csproj", "{6E4FBBC2-FAF1-44C9-928B-ADE00E535807}"
EndProject
Project("{FAE04EC0-301F-11D3-BF4B-00C04F79EFBC}") = "IfandElseSoftUniPart2", "IfandElseSoftUniPart2\IfandElseSoftUniPart2.csproj", "{9C762345-7076-475C-880D-FC3907961201}"
EndProject
Project("{FAE04EC0-301F-11D3-BF4B-00C04F79EFBC}") = "IfandElseSoftUniExercises", "IfandElseSoftUniExercises\IfandElseSoftUniExercises.csproj", "{E64F1BE1-6BFC-4463-83E1-560FBD580BAC}"
EndProject
Project("{FAE04EC0-301F-11D3-BF4B-00C04F79EFBC}") = "LastIfAndElseExercise", "LastIfAndElseExercise\LastIfAndElseExercise.csproj", "{69223231-A511-4E8B-9EA2-A0D28D4D96B7}"
EndProject
Project("{FAE04EC0-301F-11D3-BF4B-00C04F79EFBC}") = "Loops1", "Loops1\Loops1.csproj", "{651741F3-EA3E-42ED-9B9F-EECACAF7F87E}"
EndProject
Project("{FAE04EC0-301F-11D3-BF4B-00C04F79EFBC}") = "WhileLoops", "WhileLoops\WhileLoops.csproj", "{D342E335-B086-4963-94A4-EBC31A2F73E5}"
EndProject
Project("{FAE04EC0-301F-11D3-BF4B-00C04F79EFBC}") = "NastedLoops", "NastedLoops\NastedLoops.csproj", "{C5D20EAB-9329-4379-B1EC-49535EBBE1C2}"
EndProject
Project("{9A19103F-16F7-4668-BE54-9A1E7A4F7556}") = "DataTypesVariables", "DataTypesVariables\DataTypesVariables.csproj", "{B23455B8-D639-4126-ACAF-40B5B644E2DB}"
EndProject
Project("{9A19103F-16F7-4668-BE54-9A1E7A4F7556}") = "DataVariablesEx2Alen", "DataVariablesEx2Alen\DataVariablesEx2Alen.csproj", "{9E26F0BB-0DAF-45C6-A433-E27858A7D34F}"
EndProject
Project("{9A19103F-16F7-4668-BE54-9A1E7A4F7556}") = "DataTypesAndVariablesMoreExercises", "DataTypesAndVariablesMoreExercises\DataTypesAndVariablesMoreExercises.csproj", "{AD513756-6508-4D8C-A9C5-EF77772C9F51}"
EndProject
Project("{9A19103F-16F7-4668-BE54-9A1E7A4F7556}") = "Arrays01", "Arrays01\Arrays01.csproj", "{A7B159C2-61CB-4E78-98E8-10C7826A2DF4}"
EndProject
Project("{9A19103F-16F7-4668-BE54-9A1E7A4F7556}") = "ArraysExAlen", "ArraysExAlen\ArraysExAlen.csproj", "{872884C1-82A3-437E-B11C-FD7F5AF59FE0}"
EndProject
Project("{9A19103F-16F7-4668-BE54-9A1E7A4F7556}") = "ArraysMoreEx", "ArraysMoreEx\ArraysMoreEx.csproj", "{4FD6852E-EE40-4047-9A8A-2602DC0370BE}"
EndProject
Project("{FAE04EC0-301F-11D3-BF4B-00C04F79EFBC}") = "ArraysMoreExPart2", "ArraysMoreExPart2\ArraysMoreExPart2.csproj", "{D723567C-0E25-4C9A-A12B-9FC6459541AD}"
EndProject
Global
	GlobalSection(SolutionConfigurationPlatforms) = preSolution
		Debug|Any CPU = Debug|Any CPU
		Release|Any CPU = Release|Any CPU
	EndGlobalSection
	GlobalSection(ProjectConfigurationPlatforms) = postSolution
		{E60127DB-0A15-4075-9BE4-4D19656152FF}.Debug|Any CPU.ActiveCfg = Debug|Any CPU
		{E60127DB-0A15-4075-9BE4-4D19656152FF}.Debug|Any CPU.Build.0 = Debug|Any CPU
		{E60127DB-0A15-4075-9BE4-4D19656152FF}.Release|Any CPU.ActiveCfg = Release|Any CPU
		{E60127DB-0A15-4075-9BE4-4D19656152FF}.Release|Any CPU.Build.0 = Release|Any CPU
		{4D415E58-05BC-42BA-B5F1-78E5CC73DE85}.Debug|Any CPU.ActiveCfg = Debug|Any CPU
		{4D415E58-05BC-42BA-B5F1-78E5CC73DE85}.Debug|Any CPU.Build.0 = Debug|Any CPU
		{4D415E58-05BC-42BA-B5F1-78E5CC73DE85}.Release|Any CPU.ActiveCfg = Release|Any CPU
		{4D415E58-05BC-42BA-B5F1-78E5CC73DE85}.Release|Any CPU.Build.0 = Release|Any CPU
		{47FE9958-7FB5-44F0-94A4-930924B15D20}.Debug|Any CPU.ActiveCfg = Debug|Any CPU
		{47FE9958-7FB5-44F0-94A4-930924B15D20}.Debug|Any CPU.Build.0 = Debug|Any CPU
		{47FE9958-7FB5-44F0-94A4-930924B15D20}.Release|Any CPU.ActiveCfg = Release|Any CPU
		{47FE9958-7FB5-44F0-94A4-930924B15D20}.Release|Any CPU.Build.0 = Release|Any CPU
		{6E4FBBC2-FAF1-44C9-928B-ADE00E535807}.Debug|Any CPU.ActiveCfg = Debug|Any CPU
		{6E4FBBC2-FAF1-44C9-928B-ADE00E535807}.Debug|Any CPU.Build.0 = Debug|Any CPU
		{6E4FBBC2-FAF1-44C9-928B-ADE00E535807}.Release|Any CPU.ActiveCfg = Release|Any CPU
		{6E4FBBC2-FAF1-44C9-928B-ADE00E535807}.Release|Any CPU.Build.0 = Release|Any CPU
		{9C762345-7076-475C-880D-FC3907961201}.Debug|Any CPU.ActiveCfg = Debug|Any CPU
		{9C762345-7076-475C-880D-FC3907961201}.Debug|Any CPU.Build.0 = Debug|Any CPU
		{9C762345-7076-475C-880D-FC3907961201}.Release|Any CPU.ActiveCfg = Release|Any CPU
		{9C762345-7076-475C-880D-FC3907961201}.Release|Any CPU.Build.0 = Release|Any CPU
		{E64F1BE1-6BFC-4463-83E1-560FBD580BAC}.Debug|Any CPU.ActiveCfg = Debug|Any CPU
		{E64F1BE1-6BFC-4463-83E1-560FBD580BAC}.Debug|Any CPU.Build.0 = Debug|Any CPU
		{E64F1BE1-6BFC-4463-83E1-560FBD580BAC}.Release|Any CPU.ActiveCfg = Release|Any CPU
		{E64F1BE1-6BFC-4463-83E1-560FBD580BAC}.Release|Any CPU.Build.0 = Release|Any CPU
		{69223231-A511-4E8B-9EA2-A0D28D4D96B7}.Debug|Any CPU.ActiveCfg = Debug|Any CPU
		{69223231-A511-4E8B-9EA2-A0D28D4D96B7}.Debug|Any CPU.Build.0 = Debug|Any CPU
		{69223231-A511-4E8B-9EA2-A0D28D4D96B7}.Release|Any CPU.ActiveCfg = Release|Any CPU
		{69223231-A511-4E8B-9EA2-A0D28D4D96B7}.Release|Any CPU.Build.0 = Release|Any CPU
		{651741F3-EA3E-42ED-9B9F-EECACAF7F87E}.Debug|Any CPU.ActiveCfg = Debug|Any CPU
		{651741F3-EA3E-42ED-9B9F-EECACAF7F87E}.Debug|Any CPU.Build.0 = Debug|Any CPU
		{651741F3-EA3E-42ED-9B9F-EECACAF7F87E}.Release|Any CPU.ActiveCfg = Release|Any CPU
		{651741F3-EA3E-42ED-9B9F-EECACAF7F87E}.Release|Any CPU.Build.0 = Release|Any CPU
		{D342E335-B086-4963-94A4-EBC31A2F73E5}.Debug|Any CPU.ActiveCfg = Debug|Any CPU
		{D342E335-B086-4963-94A4-EBC31A2F73E5}.Debug|Any CPU.Build.0 = Debug|Any CPU
		{D342E335-B086-4963-94A4-EBC31A2F73E5}.Release|Any CPU.ActiveCfg = Release|Any CPU
		{D342E335-B086-4963-94A4-EBC31A2F73E5}.Release|Any CPU.Build.0 = Release|Any CPU
		{C5D20EAB-9329-4379-B1EC-49535EBBE1C2}.Debug|Any CPU.ActiveCfg = Debug|Any CPU
		{C5D20EAB-9329-4379-B1EC-49535EBBE1C2}.Debug|Any CPU.Build.0 = Debug|Any CPU
		{C5D20EAB-9329-4379-B1EC-49535EBBE1C2}.Release|Any CPU.ActiveCfg = Release|Any CPU
		{C5D20EAB-9329-4379-B1EC-49535EBBE1C2}.Release|Any CPU.Build.0 = Release|Any CPU
		{B23455B8-D639-4126-ACAF-40B5B644E2DB}.Debug|Any CPU.ActiveCfg = Debug|Any CPU
		{B23455B8-D639-4126-ACAF-40B5B644E2DB}.Debug|Any CPU.Build.0 = Debug|Any CPU
		{B23455B8-D639-4126-ACAF-40B5B644E2DB}.Release|Any CPU.ActiveCfg = Release|Any CPU
		{B23455B8-D639-4126-ACAF-40B5B644E2DB}.Release|Any CPU.Build.0 = Release|Any CPU
		{9E26F0BB-0DAF-45C6-A433-E27858A7D34F}.Debug|Any CPU.ActiveCfg = Debug|Any CPU
		{9E26F0BB-0DAF-45C6-A433-E27858A7D34F}.Debug|Any CPU.Build.0 = Debug|Any CPU
		{9E26F0BB-0DAF-45C6-A433-E27858A7D34F}.Release|Any CPU.ActiveCfg = Release|Any CPU
		{9E26F0BB-0DAF-45C6-A433-E27858A7D34F}.Release|Any CPU.Build.0 = Release|Any CPU
		{AD513756-6508-4D8C-A9C5-EF77772C9F51}.Debug|Any CPU.ActiveCfg = Debug|Any CPU
		{AD513756-6508-4D8C-A9C5-EF77772C9F51}.Debug|Any CPU.Build.0 = Debug|Any CPU
		{AD513756-6508-4D8C-A9C5-EF77772C9F51}.Release|Any CPU.ActiveCfg = Release|Any CPU
		{AD513756-6508-4D8C-A9C5-EF77772C9F51}.Release|Any CPU.Build.0 = Release|Any CPU
		{A7B159C2-61CB-4E78-98E8-10C7826A2DF4}.Debug|Any CPU.ActiveCfg = Debug|Any CPU
		{A7B159C2-61CB-4E78-98E8-10C7826A2DF4}.Debug|Any CPU.Build.0 = Debug|Any CPU
		{A7B159C2-61CB-4E78-98E8-10C7826A2DF4}.Release|Any CPU.ActiveCfg = Release|Any CPU
		{A7B159C2-61CB-4E78-98E8-10C7826A2DF4}.Release|Any CPU.Build.0 = Release|Any CPU
		{872884C1-82A3-437E-B11C-FD7F5AF59FE0}.Debug|Any CPU.ActiveCfg = Debug|Any CPU
		{872884C1-82A3-437E-B11C-FD7F5AF59FE0}.Debug|Any CPU.Build.0 = Debug|Any CPU
		{872884C1-82A3-437E-B11C-FD7F5AF59FE0}.Release|Any CPU.ActiveCfg = Release|Any CPU
		{872884C1-82A3-437E-B11C-FD7F5AF59FE0}.Release|Any CPU.Build.0 = Release|Any CPU
		{4FD6852E-EE40-4047-9A8A-2602DC0370BE}.Debug|Any CPU.ActiveCfg = Debug|Any CPU
		{4FD6852E-EE40-4047-9A8A-2602DC0370BE}.Debug|Any CPU.Build.0 = Debug|Any CPU
		{4FD6852E-EE40-4047-9A8A-2602DC0370BE}.Release|Any CPU.ActiveCfg = Release|Any CPU
		{4FD6852E-EE40-4047-9A8A-2602DC0370BE}.Release|Any CPU.Build.0 = Release|Any CPU
		{D723567C-0E25-4C9A-A12B-9FC6459541AD}.Debug|Any CPU.ActiveCfg = Debug|Any CPU
		{D723567C-0E25-4C9A-A12B-9FC6459541AD}.Debug|Any CPU.Build.0 = Debug|Any CPU
		{D723567C-0E25-4C9A-A12B-9FC6459541AD}.Release|Any CPU.ActiveCfg = Release|Any CPU
		{D723567C-0E25-4C9A-A12B-9FC6459541AD}.Release|Any CPU.Build.0 = Release|Any CPU
	EndGlobalSection
	GlobalSection(SolutionProperties) = preSolution
		HideSolutionNode = FALSE
	EndGlobalSection
	GlobalSection(ExtensibilityGlobals) = postSolution
		SolutionGuid = {92705F58-E6FE-4F97-BB8C-CE0B848A70E7}
	EndGlobalSection
EndGlobal
