
Microsoft Visual Studio Solution File, Format Version 12.00
# Visual Studio Version 16
VisualStudioVersion = 16.0.30225.117
MinimumVisualStudioVersion = 10.0.40219.1
Project("{9A19103F-16F7-4668-BE54-9A1E7A4F7556}") = "01.Sum-Adjacent-Equal-Numbers", "Sum-Adjacent-Equal-Numbers\01.Sum-Adjacent-Equal-Numbers.csproj", "{302745F3-6EEB-4000-B91A-C9431AD481CA}"
EndProject
Project("{9A19103F-16F7-4668-BE54-9A1E7A4F7556}") = "02.Gauss-Trick", "GaussTrick\02.Gauss-Trick.csproj", "{B984276D-32A9-43B9-B3A7-2FA22A29B056}"
EndProject
Project("{9A19103F-16F7-4668-BE54-9A1E7A4F7556}") = "3. Merging-Lists", "3. Merging Lists\3. Merging-Lists.csproj", "{E655D12D-7B35-44CE-9B84-BFF70C484665}"
EndProject
Project("{9A19103F-16F7-4668-BE54-9A1E7A4F7556}") = "4. List-Of-Products", "4. List-Of-Products\4. List-Of-Products.csproj", "{B905B75C-B59C-4328-9AF7-F9F9E1E613DB}"
EndProject
Project("{FAE04EC0-301F-11D3-BF4B-00C04F79EFBC}") = "5. Remove-Negatives-and-Reverse", "5. Remove-Negatives-and-Reverse\5. Remove-Negatives-and-Reverse.csproj", "{C21C6B83-3C33-46B1-9BA4-A2D617A3B682}"
EndProject
Project("{FAE04EC0-301F-11D3-BF4B-00C04F79EFBC}") = "06.List-Manipulation-Basics", "06.List-Manipulation-Basics\06.List-Manipulation-Basics.csproj", "{0FA41609-C067-49AA-B936-7F4B91431F13}"
EndProject
Project("{FAE04EC0-301F-11D3-BF4B-00C04F79EFBC}") = "07.List-Manipulation-Advanced", "07.List-Manipulation-Advanced\07.List-Manipulation-Advanced.csproj", "{8A7094A9-5CA1-4334-A216-2DE71720FF29}"
EndProject
Global
	GlobalSection(SolutionConfigurationPlatforms) = preSolution
		Debug|Any CPU = Debug|Any CPU
		Release|Any CPU = Release|Any CPU
	EndGlobalSection
	GlobalSection(ProjectConfigurationPlatforms) = postSolution
		{302745F3-6EEB-4000-B91A-C9431AD481CA}.Debug|Any CPU.ActiveCfg = Debug|Any CPU
		{302745F3-6EEB-4000-B91A-C9431AD481CA}.Debug|Any CPU.Build.0 = Debug|Any CPU
		{302745F3-6EEB-4000-B91A-C9431AD481CA}.Release|Any CPU.ActiveCfg = Release|Any CPU
		{302745F3-6EEB-4000-B91A-C9431AD481CA}.Release|Any CPU.Build.0 = Release|Any CPU
		{B984276D-32A9-43B9-B3A7-2FA22A29B056}.Debug|Any CPU.ActiveCfg = Debug|Any CPU
		{B984276D-32A9-43B9-B3A7-2FA22A29B056}.Debug|Any CPU.Build.0 = Debug|Any CPU
		{B984276D-32A9-43B9-B3A7-2FA22A29B056}.Release|Any CPU.ActiveCfg = Release|Any CPU
		{B984276D-32A9-43B9-B3A7-2FA22A29B056}.Release|Any CPU.Build.0 = Release|Any CPU
		{E655D12D-7B35-44CE-9B84-BFF70C484665}.Debug|Any CPU.ActiveCfg = Debug|Any CPU
		{E655D12D-7B35-44CE-9B84-BFF70C484665}.Debug|Any CPU.Build.0 = Debug|Any CPU
		{E655D12D-7B35-44CE-9B84-BFF70C484665}.Release|Any CPU.ActiveCfg = Release|Any CPU
		{E655D12D-7B35-44CE-9B84-BFF70C484665}.Release|Any CPU.Build.0 = Release|Any CPU
		{B905B75C-B59C-4328-9AF7-F9F9E1E613DB}.Debug|Any CPU.ActiveCfg = Debug|Any CPU
		{B905B75C-B59C-4328-9AF7-F9F9E1E613DB}.Debug|Any CPU.Build.0 = Debug|Any CPU
		{B905B75C-B59C-4328-9AF7-F9F9E1E613DB}.Release|Any CPU.ActiveCfg = Release|Any CPU
		{B905B75C-B59C-4328-9AF7-F9F9E1E613DB}.Release|Any CPU.Build.0 = Release|Any CPU
		{C21C6B83-3C33-46B1-9BA4-A2D617A3B682}.Debug|Any CPU.ActiveCfg = Debug|Any CPU
		{C21C6B83-3C33-46B1-9BA4-A2D617A3B682}.Debug|Any CPU.Build.0 = Debug|Any CPU
		{C21C6B83-3C33-46B1-9BA4-A2D617A3B682}.Release|Any CPU.ActiveCfg = Release|Any CPU
		{C21C6B83-3C33-46B1-9BA4-A2D617A3B682}.Release|Any CPU.Build.0 = Release|Any CPU
		{0FA41609-C067-49AA-B936-7F4B91431F13}.Debug|Any CPU.ActiveCfg = Debug|Any CPU
		{0FA41609-C067-49AA-B936-7F4B91431F13}.Debug|Any CPU.Build.0 = Debug|Any CPU
		{0FA41609-C067-49AA-B936-7F4B91431F13}.Release|Any CPU.ActiveCfg = Release|Any CPU
		{0FA41609-C067-49AA-B936-7F4B91431F13}.Release|Any CPU.Build.0 = Release|Any CPU
		{8A7094A9-5CA1-4334-A216-2DE71720FF29}.Debug|Any CPU.ActiveCfg = Debug|Any CPU
		{8A7094A9-5CA1-4334-A216-2DE71720FF29}.Debug|Any CPU.Build.0 = Debug|Any CPU
		{8A7094A9-5CA1-4334-A216-2DE71720FF29}.Release|Any CPU.ActiveCfg = Release|Any CPU
		{8A7094A9-5CA1-4334-A216-2DE71720FF29}.Release|Any CPU.Build.0 = Release|Any CPU
	EndGlobalSection
	GlobalSection(SolutionProperties) = preSolution
		HideSolutionNode = FALSE
	EndGlobalSection
	GlobalSection(ExtensibilityGlobals) = postSolution
		SolutionGuid = {BF0E808E-DCD8-43C8-8B07-3CCBBFB8100F}
	EndGlobalSection
EndGlobal
